
Microsoft Visual Studio Solution File, Format Version 12.00
# Visual Studio 15
VisualStudioVersion = 15.0.27428.2043
MinimumVisualStudioVersion = 10.0.40219.1
Project("{FAE04EC0-301F-11D3-BF4B-00C04F79EFBC}") = "TestBenchApp", "TestBenchApp\TestBenchApp.csproj", "{76F12AB8-B327-4F36-BAE0-027DD57D4E23}"
EndProject
Project("{FAE04EC0-301F-11D3-BF4B-00C04F79EFBC}") = "MulitThreading_Exercise", "MulitThreading\MulitThreading_Exercise.csproj", "{3422FA47-514D-4C94-AAC3-C440ADC7A361}"
EndProject
Project("{FAE04EC0-301F-11D3-BF4B-00C04F79EFBC}") = "DataStructure_Exercise", "DataStructure_Exercise\DataStructure_Exercise.csproj", "{21011112-46CD-439D-A761-00581B0638DE}"
EndProject
Project("{FAE04EC0-301F-11D3-BF4B-00C04F79EFBC}") = "Events_And_Delegates", "Events_And_Delegates\Events_And_Delegates.csproj", "{55D202BB-C09D-49EF-B4F4-CC2DDF869012}"
EndProject
Global
	GlobalSection(SolutionConfigurationPlatforms) = preSolution
		Debug|Any CPU = Debug|Any CPU
		Release|Any CPU = Release|Any CPU
	EndGlobalSection
	GlobalSection(ProjectConfigurationPlatforms) = postSolution
		{76F12AB8-B327-4F36-BAE0-027DD57D4E23}.Debug|Any CPU.ActiveCfg = Debug|Any CPU
		{76F12AB8-B327-4F36-BAE0-027DD57D4E23}.Debug|Any CPU.Build.0 = Debug|Any CPU
		{76F12AB8-B327-4F36-BAE0-027DD57D4E23}.Release|Any CPU.ActiveCfg = Release|Any CPU
		{76F12AB8-B327-4F36-BAE0-027DD57D4E23}.Release|Any CPU.Build.0 = Release|Any CPU
		{3422FA47-514D-4C94-AAC3-C440ADC7A361}.Debug|Any CPU.ActiveCfg = Debug|Any CPU
		{3422FA47-514D-4C94-AAC3-C440ADC7A361}.Debug|Any CPU.Build.0 = Debug|Any CPU
		{3422FA47-514D-4C94-AAC3-C440ADC7A361}.Release|Any CPU.ActiveCfg = Release|Any CPU
		{3422FA47-514D-4C94-AAC3-C440ADC7A361}.Release|Any CPU.Build.0 = Release|Any CPU
		{21011112-46CD-439D-A761-00581B0638DE}.Debug|Any CPU.ActiveCfg = Debug|Any CPU
		{21011112-46CD-439D-A761-00581B0638DE}.Debug|Any CPU.Build.0 = Debug|Any CPU
		{21011112-46CD-439D-A761-00581B0638DE}.Release|Any CPU.ActiveCfg = Release|Any CPU
		{21011112-46CD-439D-A761-00581B0638DE}.Release|Any CPU.Build.0 = Release|Any CPU
		{55D202BB-C09D-49EF-B4F4-CC2DDF869012}.Debug|Any CPU.ActiveCfg = Debug|Any CPU
		{55D202BB-C09D-49EF-B4F4-CC2DDF869012}.Debug|Any CPU.Build.0 = Debug|Any CPU
		{55D202BB-C09D-49EF-B4F4-CC2DDF869012}.Release|Any CPU.ActiveCfg = Release|Any CPU
		{55D202BB-C09D-49EF-B4F4-CC2DDF869012}.Release|Any CPU.Build.0 = Release|Any CPU
	EndGlobalSection
	GlobalSection(SolutionProperties) = preSolution
		HideSolutionNode = FALSE
	EndGlobalSection
	GlobalSection(ExtensibilityGlobals) = postSolution
		SolutionGuid = {E7126091-C3CA-4967-943D-E73903D2394C}
	EndGlobalSection
EndGlobal
